
Microsoft Visual Studio Solution File, Format Version 12.00
# Visual Studio Version 17
VisualStudioVersion = 17.6.33723.286
MinimumVisualStudioVersion = 10.0.40219.1
Project("{FAE04EC0-301F-11D3-BF4B-00C04F79EFBC}") = "Challenge03", "Challenge03.csproj", "{3AE8C4BC-F478-484B-AF0F-4534426E2227}"
EndProject
Global
	GlobalSection(SolutionConfigurationPlatforms) = preSolution
		Debug|Any CPU = Debug|Any CPU
		Release|Any CPU = Release|Any CPU
	EndGlobalSection
	GlobalSection(ProjectConfigurationPlatforms) = postSolution
		{3AE8C4BC-F478-484B-AF0F-4534426E2227}.Debug|Any CPU.ActiveCfg = Debug|Any CPU
		{3AE8C4BC-F478-484B-AF0F-4534426E2227}.Debug|Any CPU.Build.0 = Debug|Any CPU
		{3AE8C4BC-F478-484B-AF0F-4534426E2227}.Release|Any CPU.ActiveCfg = Release|Any CPU
		{3AE8C4BC-F478-484B-AF0F-4534426E2227}.Release|Any CPU.Build.0 = Release|Any CPU
	EndGlobalSection
	GlobalSection(SolutionProperties) = preSolution
		HideSolutionNode = FALSE
	EndGlobalSection
	GlobalSection(ExtensibilityGlobals) = postSolution
		SolutionGuid = {7F7F0F13-D77A-4FA8-A63F-B262A6D4CAAC}
	EndGlobalSection
EndGlobal
